<Solution>
  <Project Path="Ejercicio_01/Ejercicio_01.csproj" />
  <Project Path="Ejercicio_02/Ejercicio_02.csproj" />
  <Project Path="Ejercicio_03/Ejercicio_03.csproj" />
  <Project Path="Ejercicio_04/Ejercicio_04.csproj" />
  <Project Path="Ejercicio_05/Ejercicio_05.csproj" />
  <Project Path="Ejercicio_06/Ejercicio_06.csproj" />
  <Project Path="Ejercicio_07/Ejercicio_07.csproj" />
</Solution>
