<Solution>
  <Project Path="Ejercicio_1/Ejercicio_1.csproj" Id="7a907a4b-cf3a-40d9-bf7d-4919a0200384" />
  <Project Path="Ejercicio_2/Ejercicio_2.csproj" Id="218a9a2b-12df-4abf-925d-300f5eb01911" />
  <Project Path="Ejercicio_3/Ejercicio_3.csproj" Id="022d997c-0462-41c4-9120-a311a5fb81a5" />
  <Project Path="Ejercicio_4/Ejercicio_4.csproj" Id="70cee9f0-4d82-4e69-b4b8-5c8dc3592e4b" />
  <Project Path="Ejercicio_5/Ejercicio_5.csproj" Id="98b02cf5-2234-4b71-8f95-0795f49f3b2c" />
  <Project Path="Ejercicio_6/Ejercicio_6.csproj" Id="17607c1d-0fbd-475e-9c17-52a28bdc0499" />
  <Project Path="Ejercicio_7/Ejercicio_7.csproj" Id="2118266f-21f3-4535-973e-97aaa0412eac" />
</Solution>
