<Solution>
  <Project Path="Ejercicio_01/Ejercicio_01.csproj" Id="7bf697fe-bc3d-455f-995c-60b47b18b8e9" />
  <Project Path="Ejercicio_02/Ejercicio_02.csproj" Id="f165635c-ad41-4729-963a-eb32a3439dd3" />
  <Project Path="Ejercicio_03/Ejercicio_03.csproj" Id="5bb6f2c1-909a-47e6-a2a0-2e84f5b824e9" />
  <Project Path="Ejercicio_04/Ejercicio_04.csproj" Id="63499c80-5874-468e-a272-dc3fea736758" />
  <Project Path="Ejercicio_05/Ejercicio_05.csproj" Id="fd385fe6-3c9d-4065-8a36-6fa633582a98" />
</Solution>
