<Solution>
  <Project Path="Ejercicio_1/Ejercicio_1.csproj" Id="3492a8bf-368c-46a7-aab5-24d4fd0ad5af" />
  <Project Path="Ejercicio_2/Ejercicio_2.csproj" Id="7b06f58a-304c-4048-9aa0-2970913583cf" />
  <Project Path="Ejercicio_3/Ejercicio_3.csproj" Id="3c5772cb-3da5-4b56-bdea-1d2c95b81514" />
  <Project Path="Ejercicio_4/Ejercicio_4.csproj" Id="6b7dd93b-e4a2-4cb4-bcb7-37998ad1c9f8" />
  <Project Path="Ejercicio_5/Ejercicio_5.csproj" Id="66955789-9f67-474d-a179-a1462f10ea04" />
  <Project Path="Ejercicio_6/Ejercicio_6.csproj" Id="4974c583-4db2-4eef-9103-932bb6bcc2a9" />
  <Project Path="Ejercicio_7/Ejercicio_7.csproj" Id="6295764c-1e97-4030-ae13-4aeb5218cb4f" />
  <Project Path="Ejercicio_8/Ejercicio_8.csproj" Id="c30e5f86-65e3-4f12-b497-8855f1ba37be" />
</Solution>
